
Microsoft Visual Studio Solution File, Format Version 12.00
# Visual Studio 15
Project("{FAE04EC0-301F-11D3-BF4B-00C04F79EFBC}") = "CalendarOptimizer", "CalendarOptimizer\CalendarOptimizer.csproj", "{6A4DB862-5FE2-4A10-892E-29126D48AEC6}"
EndProject
Global
	GlobalSection(SolutionConfigurationPlatforms) = preSolution
		Debug|Any CPU = Debug|Any CPU
		Release|Any CPU = Release|Any CPU
	EndGlobalSection
	GlobalSection(ProjectConfigurationPlatforms) = postSolution
		{6A4DB862-5FE2-4A10-892E-29126D48AEC6}.Debug|Any CPU.ActiveCfg = Debug|Any CPU
		{6A4DB862-5FE2-4A10-892E-29126D48AEC6}.Debug|Any CPU.Build.0 = Debug|Any CPU
		{6A4DB862-5FE2-4A10-892E-29126D48AEC6}.Release|Any CPU.ActiveCfg = Release|Any CPU
		{6A4DB862-5FE2-4A10-892E-29126D48AEC6}.Release|Any CPU.Build.0 = Release|Any CPU
	EndGlobalSection
EndGlobal
